{
  "name": "Nuren_Whatsapp",
  "lockfileVersion": 3,
  "requires": true,
  "packages": {
    "": {
      "dependencies": {
        "react-flow": "^1.0.3"
      }
    },
    "node_modules/react-flow": {
      "version": "1.0.3",
      "resolved": "https://registry.npmjs.org/react-flow/-/react-flow-1.0.3.tgz",
      "integrity": "sha512-Rx4Oqqbe9y7NyrUGzCrmtNvuGuMJBVjfIeMFuwbtbMc9f22sUSmxMjIA0c8r6Z7iMtB1zOWoGkTgfpmmpH9ReQ=="
    }
  }
}
